// !$*UTF8*$!
{
	archiveVersion = 1;
	classes = {
	};
	objectVersion = 50;
	objects = {

/* Begin PBXBuildFile section */
		A6CC1C3C4F91F9E7409BBC64 /* Pods_prueba_pruebaUITests.framework in Frameworks */ = {isa = PBXBuildFile; fileRef = B9CA04E7C268521B27BA1F03 /* Pods_prueba_pruebaUITests.framework */; };
		C04E85892646E1AB007EDA86 /* ResultViewController.swift in Sources */ = {isa = PBXBuildFile; fileRef = C04E85882646E1AB007EDA86 /* ResultViewController.swift */; };
		C04E858E2646E1BF007EDA86 /* ResultViewModel.swift in Sources */ = {isa = PBXBuildFile; fileRef = C04E858D2646E1BF007EDA86 /* ResultViewModel.swift */; };
		C04E859526470A32007EDA86 /* WordFoundDescriptionTableViewCell.swift in Sources */ = {isa = PBXBuildFile; fileRef = C04E859326470A32007EDA86 /* WordFoundDescriptionTableViewCell.swift */; };
		C04E859626470A32007EDA86 /* WordFoundDescriptionTableViewCell.xib in Resources */ = {isa = PBXBuildFile; fileRef = C04E859426470A32007EDA86 /* WordFoundDescriptionTableViewCell.xib */; };
		C04E859B26472E3E007EDA86 /* WordFoundDescriptionCellModel.swift in Sources */ = {isa = PBXBuildFile; fileRef = C04E859A26472E3E007EDA86 /* WordFoundDescriptionCellModel.swift */; };
		C04E85A126474460007EDA86 /* WordFoundHeaderTableViewCell.swift in Sources */ = {isa = PBXBuildFile; fileRef = C04E859F26474460007EDA86 /* WordFoundHeaderTableViewCell.swift */; };
		C04E85A226474460007EDA86 /* WordFoundHeaderTableViewCell.xib in Resources */ = {isa = PBXBuildFile; fileRef = C04E85A026474460007EDA86 /* WordFoundHeaderTableViewCell.xib */; };
		C04E85A726474831007EDA86 /* WordFoundHeaderCellModel.swift in Sources */ = {isa = PBXBuildFile; fileRef = C04E85A626474831007EDA86 /* WordFoundHeaderCellModel.swift */; };
		C04E85AC2648070C007EDA86 /* WordFoundBaseCellModel.swift in Sources */ = {isa = PBXBuildFile; fileRef = C04E85AB2648070C007EDA86 /* WordFoundBaseCellModel.swift */; };
		C04E85B126483162007EDA86 /* SpinnerTableViewCell.swift in Sources */ = {isa = PBXBuildFile; fileRef = C04E85B026483162007EDA86 /* SpinnerTableViewCell.swift */; };
		C04E85B626483243007EDA86 /* SpinnerTableViewCell.xib in Resources */ = {isa = PBXBuildFile; fileRef = C04E85B526483243007EDA86 /* SpinnerTableViewCell.xib */; };
		C05CD47126447FB90097E600 /* WordSearcherStoryboard.storyboard in Resources */ = {isa = PBXBuildFile; fileRef = C05CD47026447FB90097E600 /* WordSearcherStoryboard.storyboard */; };
		C05CD47626447FD40097E600 /* LadingViewController.swift in Sources */ = {isa = PBXBuildFile; fileRef = C05CD47526447FD40097E600 /* LadingViewController.swift */; };
		C05CD47B26447FE90097E600 /* WordSearcherManager.swift in Sources */ = {isa = PBXBuildFile; fileRef = C05CD47A26447FE90097E600 /* WordSearcherManager.swift */; };
		C05CD48026447FFB0097E600 /* LandingViewModel.swift in Sources */ = {isa = PBXBuildFile; fileRef = C05CD47F26447FFB0097E600 /* LandingViewModel.swift */; };
		C05CD485264480330097E600 /* WordFoundModel.swift in Sources */ = {isa = PBXBuildFile; fileRef = C05CD484264480330097E600 /* WordFoundModel.swift */; };
		C05CD48A2644876E0097E600 /* UploadDocumentsViewModel.swift in Sources */ = {isa = PBXBuildFile; fileRef = C05CD4892644876E0097E600 /* UploadDocumentsViewModel.swift */; };
		C05CD48F264487820097E600 /* UploadDocumentsViewController.swift in Sources */ = {isa = PBXBuildFile; fileRef = C05CD48E264487820097E600 /* UploadDocumentsViewController.swift */; };
		C06DA7942641EC070021B8CE /* AppDelegate.swift in Sources */ = {isa = PBXBuildFile; fileRef = C06DA7932641EC070021B8CE /* AppDelegate.swift */; };
		C06DA7962641EC070021B8CE /* SceneDelegate.swift in Sources */ = {isa = PBXBuildFile; fileRef = C06DA7952641EC070021B8CE /* SceneDelegate.swift */; };
		C06DA7982641EC070021B8CE /* ViewController.swift in Sources */ = {isa = PBXBuildFile; fileRef = C06DA7972641EC070021B8CE /* ViewController.swift */; };
		C06DA79B2641EC070021B8CE /* Main.storyboard in Resources */ = {isa = PBXBuildFile; fileRef = C06DA7992641EC070021B8CE /* Main.storyboard */; };
		C06DA79D2641EC080021B8CE /* Assets.xcassets in Resources */ = {isa = PBXBuildFile; fileRef = C06DA79C2641EC080021B8CE /* Assets.xcassets */; };
		C06DA7A02641EC080021B8CE /* LaunchScreen.storyboard in Resources */ = {isa = PBXBuildFile; fileRef = C06DA79E2641EC080021B8CE /* LaunchScreen.storyboard */; };
		C06DA7AB2641EC080021B8CE /* pruebaTests.swift in Sources */ = {isa = PBXBuildFile; fileRef = C06DA7AA2641EC080021B8CE /* pruebaTests.swift */; };
		C06DA7B62641EC080021B8CE /* pruebaUITests.swift in Sources */ = {isa = PBXBuildFile; fileRef = C06DA7B52641EC080021B8CE /* pruebaUITests.swift */; };
		E643BDC57A588739427825CC /* Pods_pruebaTests.framework in Frameworks */ = {isa = PBXBuildFile; fileRef = 06D23D66448103852F058657 /* Pods_pruebaTests.framework */; };
		F3BD55F17FB6D19CACED3701 /* Pods_prueba.framework in Frameworks */ = {isa = PBXBuildFile; fileRef = 228B6B0C7689D53417227FD1 /* Pods_prueba.framework */; };
/* End PBXBuildFile section */

/* Begin PBXContainerItemProxy section */
		C06DA7A72641EC080021B8CE /* PBXContainerItemProxy */ = {
			isa = PBXContainerItemProxy;
			containerPortal = C06DA7882641EC070021B8CE /* Project object */;
			proxyType = 1;
			remoteGlobalIDString = C06DA78F2641EC070021B8CE;
			remoteInfo = prueba;
		};
		C06DA7B22641EC080021B8CE /* PBXContainerItemProxy */ = {
			isa = PBXContainerItemProxy;
			containerPortal = C06DA7882641EC070021B8CE /* Project object */;
			proxyType = 1;
			remoteGlobalIDString = C06DA78F2641EC070021B8CE;
			remoteInfo = prueba;
		};
/* End PBXContainerItemProxy section */

/* Begin PBXFileReference section */
		06D23D66448103852F058657 /* Pods_pruebaTests.framework */ = {isa = PBXFileReference; explicitFileType = wrapper.framework; includeInIndex = 0; path = Pods_pruebaTests.framework; sourceTree = BUILT_PRODUCTS_DIR; };
		18BACD66CDD068419C8B3994 /* Pods-prueba-pruebaUITests.debug.xcconfig */ = {isa = PBXFileReference; includeInIndex = 1; lastKnownFileType = text.xcconfig; name = "Pods-prueba-pruebaUITests.debug.xcconfig"; path = "Target Support Files/Pods-prueba-pruebaUITests/Pods-prueba-pruebaUITests.debug.xcconfig"; sourceTree = "<group>"; };
		228B6B0C7689D53417227FD1 /* Pods_prueba.framework */ = {isa = PBXFileReference; explicitFileType = wrapper.framework; includeInIndex = 0; path = Pods_prueba.framework; sourceTree = BUILT_PRODUCTS_DIR; };
		2D544757515683F1902AA60B /* Pods-prueba.debug.xcconfig */ = {isa = PBXFileReference; includeInIndex = 1; lastKnownFileType = text.xcconfig; name = "Pods-prueba.debug.xcconfig"; path = "Target Support Files/Pods-prueba/Pods-prueba.debug.xcconfig"; sourceTree = "<group>"; };
		3FB9D4F6F30D8AD3FE9FAA77 /* Pods-prueba.release.xcconfig */ = {isa = PBXFileReference; includeInIndex = 1; lastKnownFileType = text.xcconfig; name = "Pods-prueba.release.xcconfig"; path = "Target Support Files/Pods-prueba/Pods-prueba.release.xcconfig"; sourceTree = "<group>"; };
		84878C208D989D9D84A92065 /* Pods-pruebaTests.release.xcconfig */ = {isa = PBXFileReference; includeInIndex = 1; lastKnownFileType = text.xcconfig; name = "Pods-pruebaTests.release.xcconfig"; path = "Target Support Files/Pods-pruebaTests/Pods-pruebaTests.release.xcconfig"; sourceTree = "<group>"; };
		9C98B806AA4D3618BEBFC50A /* Pods-pruebaTests.debug.xcconfig */ = {isa = PBXFileReference; includeInIndex = 1; lastKnownFileType = text.xcconfig; name = "Pods-pruebaTests.debug.xcconfig"; path = "Target Support Files/Pods-pruebaTests/Pods-pruebaTests.debug.xcconfig"; sourceTree = "<group>"; };
		A1FB3982FF5E9257C532A4C7 /* Pods-prueba-pruebaUITests.release.xcconfig */ = {isa = PBXFileReference; includeInIndex = 1; lastKnownFileType = text.xcconfig; name = "Pods-prueba-pruebaUITests.release.xcconfig"; path = "Target Support Files/Pods-prueba-pruebaUITests/Pods-prueba-pruebaUITests.release.xcconfig"; sourceTree = "<group>"; };
		B9CA04E7C268521B27BA1F03 /* Pods_prueba_pruebaUITests.framework */ = {isa = PBXFileReference; explicitFileType = wrapper.framework; includeInIndex = 0; path = Pods_prueba_pruebaUITests.framework; sourceTree = BUILT_PRODUCTS_DIR; };
		C04E85882646E1AB007EDA86 /* ResultViewController.swift */ = {isa = PBXFileReference; lastKnownFileType = sourcecode.swift; path = ResultViewController.swift; sourceTree = "<group>"; };
		C04E858D2646E1BF007EDA86 /* ResultViewModel.swift */ = {isa = PBXFileReference; lastKnownFileType = sourcecode.swift; path = ResultViewModel.swift; sourceTree = "<group>"; };
		C04E859326470A32007EDA86 /* WordFoundDescriptionTableViewCell.swift */ = {isa = PBXFileReference; lastKnownFileType = sourcecode.swift; path = WordFoundDescriptionTableViewCell.swift; sourceTree = "<group>"; };
		C04E859426470A32007EDA86 /* WordFoundDescriptionTableViewCell.xib */ = {isa = PBXFileReference; lastKnownFileType = file.xib; path = WordFoundDescriptionTableViewCell.xib; sourceTree = "<group>"; };
		C04E859A26472E3E007EDA86 /* WordFoundDescriptionCellModel.swift */ = {isa = PBXFileReference; lastKnownFileType = sourcecode.swift; path = WordFoundDescriptionCellModel.swift; sourceTree = "<group>"; };
		C04E859F26474460007EDA86 /* WordFoundHeaderTableViewCell.swift */ = {isa = PBXFileReference; lastKnownFileType = sourcecode.swift; path = WordFoundHeaderTableViewCell.swift; sourceTree = "<group>"; };
		C04E85A026474460007EDA86 /* WordFoundHeaderTableViewCell.xib */ = {isa = PBXFileReference; lastKnownFileType = file.xib; path = WordFoundHeaderTableViewCell.xib; sourceTree = "<group>"; };
		C04E85A626474831007EDA86 /* WordFoundHeaderCellModel.swift */ = {isa = PBXFileReference; lastKnownFileType = sourcecode.swift; path = WordFoundHeaderCellModel.swift; sourceTree = "<group>"; };
		C04E85AB2648070C007EDA86 /* WordFoundBaseCellModel.swift */ = {isa = PBXFileReference; lastKnownFileType = sourcecode.swift; path = WordFoundBaseCellModel.swift; sourceTree = "<group>"; };
		C04E85B026483162007EDA86 /* SpinnerTableViewCell.swift */ = {isa = PBXFileReference; lastKnownFileType = sourcecode.swift; path = SpinnerTableViewCell.swift; sourceTree = "<group>"; };
		C04E85B526483243007EDA86 /* SpinnerTableViewCell.xib */ = {isa = PBXFileReference; lastKnownFileType = file.xib; path = SpinnerTableViewCell.xib; sourceTree = "<group>"; };
		C05CD47026447FB90097E600 /* WordSearcherStoryboard.storyboard */ = {isa = PBXFileReference; lastKnownFileType = file.storyboard; path = WordSearcherStoryboard.storyboard; sourceTree = "<group>"; };
		C05CD47526447FD40097E600 /* LadingViewController.swift */ = {isa = PBXFileReference; lastKnownFileType = sourcecode.swift; path = LadingViewController.swift; sourceTree = "<group>"; };
		C05CD47A26447FE90097E600 /* WordSearcherManager.swift */ = {isa = PBXFileReference; lastKnownFileType = sourcecode.swift; path = WordSearcherManager.swift; sourceTree = "<group>"; };
		C05CD47F26447FFB0097E600 /* LandingViewModel.swift */ = {isa = PBXFileReference; lastKnownFileType = sourcecode.swift; path = LandingViewModel.swift; sourceTree = "<group>"; };
		C05CD484264480330097E600 /* WordFoundModel.swift */ = {isa = PBXFileReference; lastKnownFileType = sourcecode.swift; path = WordFoundModel.swift; sourceTree = "<group>"; };
		C05CD4892644876E0097E600 /* UploadDocumentsViewModel.swift */ = {isa = PBXFileReference; lastKnownFileType = sourcecode.swift; path = UploadDocumentsViewModel.swift; sourceTree = "<group>"; };
		C05CD48E264487820097E600 /* UploadDocumentsViewController.swift */ = {isa = PBXFileReference; lastKnownFileType = sourcecode.swift; path = UploadDocumentsViewController.swift; sourceTree = "<group>"; };
		C06DA7902641EC070021B8CE /* prueba.app */ = {isa = PBXFileReference; explicitFileType = wrapper.application; includeInIndex = 0; path = prueba.app; sourceTree = BUILT_PRODUCTS_DIR; };
		C06DA7932641EC070021B8CE /* AppDelegate.swift */ = {isa = PBXFileReference; lastKnownFileType = sourcecode.swift; path = AppDelegate.swift; sourceTree = "<group>"; };
		C06DA7952641EC070021B8CE /* SceneDelegate.swift */ = {isa = PBXFileReference; lastKnownFileType = sourcecode.swift; path = SceneDelegate.swift; sourceTree = "<group>"; };
		C06DA7972641EC070021B8CE /* ViewController.swift */ = {isa = PBXFileReference; lastKnownFileType = sourcecode.swift; path = ViewController.swift; sourceTree = "<group>"; };
		C06DA79A2641EC070021B8CE /* Base */ = {isa = PBXFileReference; lastKnownFileType = file.storyboard; name = Base; path = Base.lproj/Main.storyboard; sourceTree = "<group>"; };
		C06DA79C2641EC080021B8CE /* Assets.xcassets */ = {isa = PBXFileReference; lastKnownFileType = folder.assetcatalog; path = Assets.xcassets; sourceTree = "<group>"; };
		C06DA79F2641EC080021B8CE /* Base */ = {isa = PBXFileReference; lastKnownFileType = file.storyboard; name = Base; path = Base.lproj/LaunchScreen.storyboard; sourceTree = "<group>"; };
		C06DA7A12641EC080021B8CE /* Info.plist */ = {isa = PBXFileReference; lastKnownFileType = text.plist.xml; path = Info.plist; sourceTree = "<group>"; };
		C06DA7A62641EC080021B8CE /* pruebaTests.xctest */ = {isa = PBXFileReference; explicitFileType = wrapper.cfbundle; includeInIndex = 0; path = pruebaTests.xctest; sourceTree = BUILT_PRODUCTS_DIR; };
		C06DA7AA2641EC080021B8CE /* pruebaTests.swift */ = {isa = PBXFileReference; lastKnownFileType = sourcecode.swift; path = pruebaTests.swift; sourceTree = "<group>"; };
		C06DA7AC2641EC080021B8CE /* Info.plist */ = {isa = PBXFileReference; lastKnownFileType = text.plist.xml; path = Info.plist; sourceTree = "<group>"; };
		C06DA7B12641EC080021B8CE /* pruebaUITests.xctest */ = {isa = PBXFileReference; explicitFileType = wrapper.cfbundle; includeInIndex = 0; path = pruebaUITests.xctest; sourceTree = BUILT_PRODUCTS_DIR; };
		C06DA7B52641EC080021B8CE /* pruebaUITests.swift */ = {isa = PBXFileReference; lastKnownFileType = sourcecode.swift; path = pruebaUITests.swift; sourceTree = "<group>"; };
		C06DA7B72641EC080021B8CE /* Info.plist */ = {isa = PBXFileReference; lastKnownFileType = text.plist.xml; path = Info.plist; sourceTree = "<group>"; };
/* End PBXFileReference section */

/* Begin PBXFrameworksBuildPhase section */
		C06DA78D2641EC070021B8CE /* Frameworks */ = {
			isa = PBXFrameworksBuildPhase;
			buildActionMask = 2147483647;
			files = (
				F3BD55F17FB6D19CACED3701 /* Pods_prueba.framework in Frameworks */,
			);
			runOnlyForDeploymentPostprocessing = 0;
		};
		C06DA7A32641EC080021B8CE /* Frameworks */ = {
			isa = PBXFrameworksBuildPhase;
			buildActionMask = 2147483647;
			files = (
				E643BDC57A588739427825CC /* Pods_pruebaTests.framework in Frameworks */,
			);
			runOnlyForDeploymentPostprocessing = 0;
		};
		C06DA7AE2641EC080021B8CE /* Frameworks */ = {
			isa = PBXFrameworksBuildPhase;
			buildActionMask = 2147483647;
			files = (
				A6CC1C3C4F91F9E7409BBC64 /* Pods_prueba_pruebaUITests.framework in Frameworks */,
			);
			runOnlyForDeploymentPostprocessing = 0;
		};
/* End PBXFrameworksBuildPhase section */

/* Begin PBXGroup section */
		173DB70E15D623683FD94286 /* Frameworks */ = {
			isa = PBXGroup;
			children = (
				228B6B0C7689D53417227FD1 /* Pods_prueba.framework */,
				B9CA04E7C268521B27BA1F03 /* Pods_prueba_pruebaUITests.framework */,
				06D23D66448103852F058657 /* Pods_pruebaTests.framework */,
			);
			name = Frameworks;
			sourceTree = "<group>";
		};
		C04E8592264709DD007EDA86 /* UITableViewCells */ = {
			isa = PBXGroup;
			children = (
				C04E859326470A32007EDA86 /* WordFoundDescriptionTableViewCell.swift */,
				C04E859426470A32007EDA86 /* WordFoundDescriptionTableViewCell.xib */,
				C04E859F26474460007EDA86 /* WordFoundHeaderTableViewCell.swift */,
				C04E85A026474460007EDA86 /* WordFoundHeaderTableViewCell.xib */,
				C04E85B026483162007EDA86 /* SpinnerTableViewCell.swift */,
				C04E85B526483243007EDA86 /* SpinnerTableViewCell.xib */,
			);
			path = UITableViewCells;
			sourceTree = "<group>";
		};
		C05CD46926447E630097E600 /* Features */ = {
			isa = PBXGroup;
			children = (
				C05CD46F26447EAB0097E600 /* Models */,
				C05CD46B26447E7D0097E600 /* ViewModels */,
				C05CD46A26447E700097E600 /* Controllers */,
			);
			path = Features;
			sourceTree = "<group>";
		};
		C05CD46A26447E700097E600 /* Controllers */ = {
			isa = PBXGroup;
			children = (
				C04E8592264709DD007EDA86 /* UITableViewCells */,
				C05CD46E26447EA30097E600 /* Storyboard */,
				C05CD47526447FD40097E600 /* LadingViewController.swift */,
				C05CD48E264487820097E600 /* UploadDocumentsViewController.swift */,
				C04E85882646E1AB007EDA86 /* ResultViewController.swift */,
			);
			path = Controllers;
			sourceTree = "<group>";
		};
		C05CD46B26447E7D0097E600 /* ViewModels */ = {
			isa = PBXGroup;
			children = (
				C05CD46D26447E990097E600 /* Manager */,
				C05CD47F26447FFB0097E600 /* LandingViewModel.swift */,
				C05CD4892644876E0097E600 /* UploadDocumentsViewModel.swift */,
				C04E858D2646E1BF007EDA86 /* ResultViewModel.swift */,
			);
			path = ViewModels;
			sourceTree = "<group>";
		};
		C05CD46D26447E990097E600 /* Manager */ = {
			isa = PBXGroup;
			children = (
				C05CD47A26447FE90097E600 /* WordSearcherManager.swift */,
			);
			path = Manager;
			sourceTree = "<group>";
		};
		C05CD46E26447EA30097E600 /* Storyboard */ = {
			isa = PBXGroup;
			children = (
				C05CD47026447FB90097E600 /* WordSearcherStoryboard.storyboard */,
			);
			path = Storyboard;
			sourceTree = "<group>";
		};
		C05CD46F26447EAB0097E600 /* Models */ = {
			isa = PBXGroup;
			children = (
				C05CD484264480330097E600 /* WordFoundModel.swift */,
				C04E859A26472E3E007EDA86 /* WordFoundDescriptionCellModel.swift */,
				C04E85A626474831007EDA86 /* WordFoundHeaderCellModel.swift */,
				C04E85AB2648070C007EDA86 /* WordFoundBaseCellModel.swift */,
			);
			path = Models;
			sourceTree = "<group>";
		};
		C06DA7872641EC070021B8CE = {
			isa = PBXGroup;
			children = (
				C06DA7922641EC070021B8CE /* prueba */,
				C06DA7A92641EC080021B8CE /* pruebaTests */,
				C06DA7B42641EC080021B8CE /* pruebaUITests */,
				C06DA7912641EC070021B8CE /* Products */,
				CB56E24E81290176404F93E3 /* Pods */,
				173DB70E15D623683FD94286 /* Frameworks */,
			);
			sourceTree = "<group>";
		};
		C06DA7912641EC070021B8CE /* Products */ = {
			isa = PBXGroup;
			children = (
				C06DA7902641EC070021B8CE /* prueba.app */,
				C06DA7A62641EC080021B8CE /* pruebaTests.xctest */,
				C06DA7B12641EC080021B8CE /* pruebaUITests.xctest */,
			);
			name = Products;
			sourceTree = "<group>";
		};
		C06DA7922641EC070021B8CE /* prueba */ = {
			isa = PBXGroup;
			children = (
				C05CD46926447E630097E600 /* Features */,
				C06DA7932641EC070021B8CE /* AppDelegate.swift */,
				C06DA7952641EC070021B8CE /* SceneDelegate.swift */,
				C06DA7972641EC070021B8CE /* ViewController.swift */,
				C06DA7992641EC070021B8CE /* Main.storyboard */,
				C06DA79C2641EC080021B8CE /* Assets.xcassets */,
				C06DA79E2641EC080021B8CE /* LaunchScreen.storyboard */,
				C06DA7A12641EC080021B8CE /* Info.plist */,
			);
			path = prueba;
			sourceTree = "<group>";
		};
		C06DA7A92641EC080021B8CE /* pruebaTests */ = {
			isa = PBXGroup;
			children = (
				C06DA7AA2641EC080021B8CE /* pruebaTests.swift */,
				C06DA7AC2641EC080021B8CE /* Info.plist */,
			);
			path = pruebaTests;
			sourceTree = "<group>";
		};
		C06DA7B42641EC080021B8CE /* pruebaUITests */ = {
			isa = PBXGroup;
			children = (
				C06DA7B52641EC080021B8CE /* pruebaUITests.swift */,
				C06DA7B72641EC080021B8CE /* Info.plist */,
			);
			path = pruebaUITests;
			sourceTree = "<group>";
		};
		CB56E24E81290176404F93E3 /* Pods */ = {
			isa = PBXGroup;
			children = (
				2D544757515683F1902AA60B /* Pods-prueba.debug.xcconfig */,
				3FB9D4F6F30D8AD3FE9FAA77 /* Pods-prueba.release.xcconfig */,
				18BACD66CDD068419C8B3994 /* Pods-prueba-pruebaUITests.debug.xcconfig */,
				A1FB3982FF5E9257C532A4C7 /* Pods-prueba-pruebaUITests.release.xcconfig */,
				9C98B806AA4D3618BEBFC50A /* Pods-pruebaTests.debug.xcconfig */,
				84878C208D989D9D84A92065 /* Pods-pruebaTests.release.xcconfig */,
			);
			path = Pods;
			sourceTree = "<group>";
		};
/* End PBXGroup section */

/* Begin PBXNativeTarget section */
		C06DA78F2641EC070021B8CE /* prueba */ = {
			isa = PBXNativeTarget;
			buildConfigurationList = C06DA7BA2641EC080021B8CE /* Build configuration list for PBXNativeTarget "prueba" */;
			buildPhases = (
				CB6BD6F948E929A26480BD4B /* [CP] Check Pods Manifest.lock */,
				C06DA78C2641EC070021B8CE /* Sources */,
				C06DA78D2641EC070021B8CE /* Frameworks */,
				C06DA78E2641EC070021B8CE /* Resources */,
			);
			buildRules = (
			);
			dependencies = (
			);
			name = prueba;
			productName = prueba;
			productReference = C06DA7902641EC070021B8CE /* prueba.app */;
			productType = "com.apple.product-type.application";
		};
		C06DA7A52641EC080021B8CE /* pruebaTests */ = {
			isa = PBXNativeTarget;
			buildConfigurationList = C06DA7BD2641EC080021B8CE /* Build configuration list for PBXNativeTarget "pruebaTests" */;
			buildPhases = (
				6945D5746EA9DE4F4F6E8403 /* [CP] Check Pods Manifest.lock */,
				C06DA7A22641EC080021B8CE /* Sources */,
				C06DA7A32641EC080021B8CE /* Frameworks */,
				C06DA7A42641EC080021B8CE /* Resources */,
			);
			buildRules = (
			);
			dependencies = (
				C06DA7A82641EC080021B8CE /* PBXTargetDependency */,
			);
			name = pruebaTests;
			productName = pruebaTests;
			productReference = C06DA7A62641EC080021B8CE /* pruebaTests.xctest */;
			productType = "com.apple.product-type.bundle.unit-test";
		};
		C06DA7B02641EC080021B8CE /* pruebaUITests */ = {
			isa = PBXNativeTarget;
			buildConfigurationList = C06DA7C02641EC080021B8CE /* Build configuration list for PBXNativeTarget "pruebaUITests" */;
			buildPhases = (
				A13C08893372D39FD663AAC6 /* [CP] Check Pods Manifest.lock */,
				C06DA7AD2641EC080021B8CE /* Sources */,
				C06DA7AE2641EC080021B8CE /* Frameworks */,
				C06DA7AF2641EC080021B8CE /* Resources */,
			);
			buildRules = (
			);
			dependencies = (
				C06DA7B32641EC080021B8CE /* PBXTargetDependency */,
			);
			name = pruebaUITests;
			productName = pruebaUITests;
			productReference = C06DA7B12641EC080021B8CE /* pruebaUITests.xctest */;
			productType = "com.apple.product-type.bundle.ui-testing";
		};
/* End PBXNativeTarget section */

/* Begin PBXProject section */
		C06DA7882641EC070021B8CE /* Project object */ = {
			isa = PBXProject;
			attributes = {
				LastSwiftUpdateCheck = 1210;
				LastUpgradeCheck = 1210;
				TargetAttributes = {
					C06DA78F2641EC070021B8CE = {
						CreatedOnToolsVersion = 12.1;
					};
					C06DA7A52641EC080021B8CE = {
						CreatedOnToolsVersion = 12.1;
						TestTargetID = C06DA78F2641EC070021B8CE;
					};
					C06DA7B02641EC080021B8CE = {
						CreatedOnToolsVersion = 12.1;
						TestTargetID = C06DA78F2641EC070021B8CE;
					};
				};
			};
			buildConfigurationList = C06DA78B2641EC070021B8CE /* Build configuration list for PBXProject "prueba" */;
			compatibilityVersion = "Xcode 9.3";
			developmentRegion = en;
			hasScannedForEncodings = 0;
			knownRegions = (
				en,
				Base,
			);
			mainGroup = C06DA7872641EC070021B8CE;
			productRefGroup = C06DA7912641EC070021B8CE /* Products */;
			projectDirPath = "";
			projectRoot = "";
			targets = (
				C06DA78F2641EC070021B8CE /* prueba */,
				C06DA7A52641EC080021B8CE /* pruebaTests */,
				C06DA7B02641EC080021B8CE /* pruebaUITests */,
			);
		};
/* End PBXProject section */

/* Begin PBXResourcesBuildPhase section */
		C06DA78E2641EC070021B8CE /* Resources */ = {
			isa = PBXResourcesBuildPhase;
			buildActionMask = 2147483647;
			files = (
				C04E85A226474460007EDA86 /* WordFoundHeaderTableViewCell.xib in Resources */,
				C06DA7A02641EC080021B8CE /* LaunchScreen.storyboard in Resources */,
				C06DA79D2641EC080021B8CE /* Assets.xcassets in Resources */,
				C05CD47126447FB90097E600 /* WordSearcherStoryboard.storyboard in Resources */,
				C04E859626470A32007EDA86 /* WordFoundDescriptionTableViewCell.xib in Resources */,
				C04E85B626483243007EDA86 /* SpinnerTableViewCell.xib in Resources */,
				C06DA79B2641EC070021B8CE /* Main.storyboard in Resources */,
			);
			runOnlyForDeploymentPostprocessing = 0;
		};
		C06DA7A42641EC080021B8CE /* Resources */ = {
			isa = PBXResourcesBuildPhase;
			buildActionMask = 2147483647;
			files = (
			);
			runOnlyForDeploymentPostprocessing = 0;
		};
		C06DA7AF2641EC080021B8CE /* Resources */ = {
			isa = PBXResourcesBuildPhase;
			buildActionMask = 2147483647;
			files = (
			);
			runOnlyForDeploymentPostprocessing = 0;
		};
/* End PBXResourcesBuildPhase section */

/* Begin PBXShellScriptBuildPhase section */
		6945D5746EA9DE4F4F6E8403 /* [CP] Check Pods Manifest.lock */ = {
			isa = PBXShellScriptBuildPhase;
			buildActionMask = 2147483647;
			files = (
			);
			inputFileListPaths = (
			);
			inputPaths = (
				"${PODS_PODFILE_DIR_PATH}/Podfile.lock",
				"${PODS_ROOT}/Manifest.lock",
			);
			name = "[CP] Check Pods Manifest.lock";
			outputFileListPaths = (
			);
			outputPaths = (
				"$(DERIVED_FILE_DIR)/Pods-pruebaTests-checkManifestLockResult.txt",
			);
			runOnlyForDeploymentPostprocessing = 0;
			shellPath = /bin/sh;
			shellScript = "diff \"${PODS_PODFILE_DIR_PATH}/Podfile.lock\" \"${PODS_ROOT}/Manifest.lock\" > /dev/null\nif [ $? != 0 ] ; then\n    # print error to STDERR\n    echo \"error: The sandbox is not in sync with the Podfile.lock. Run 'pod install' or update your CocoaPods installation.\" >&2\n    exit 1\nfi\n# This output is used by Xcode 'outputs' to avoid re-running this script phase.\necho \"SUCCESS\" > \"${SCRIPT_OUTPUT_FILE_0}\"\n";
			showEnvVarsInLog = 0;
		};
		A13C08893372D39FD663AAC6 /* [CP] Check Pods Manifest.lock */ = {
			isa = PBXShellScriptBuildPhase;
			buildActionMask = 2147483647;
			files = (
			);
			inputFileListPaths = (
			);
			inputPaths = (
				"${PODS_PODFILE_DIR_PATH}/Podfile.lock",
				"${PODS_ROOT}/Manifest.lock",
			);
			name = "[CP] Check Pods Manifest.lock";
			outputFileListPaths = (
			);
			outputPaths = (
				"$(DERIVED_FILE_DIR)/Pods-prueba-pruebaUITests-checkManifestLockResult.txt",
			);
			runOnlyForDeploymentPostprocessing = 0;
			shellPath = /bin/sh;
			shellScript = "diff \"${PODS_PODFILE_DIR_PATH}/Podfile.lock\" \"${PODS_ROOT}/Manifest.lock\" > /dev/null\nif [ $? != 0 ] ; then\n    # print error to STDERR\n    echo \"error: The sandbox is not in sync with the Podfile.lock. Run 'pod install' or update your CocoaPods installation.\" >&2\n    exit 1\nfi\n# This output is used by Xcode 'outputs' to avoid re-running this script phase.\necho \"SUCCESS\" > \"${SCRIPT_OUTPUT_FILE_0}\"\n";
			showEnvVarsInLog = 0;
		};
		CB6BD6F948E929A26480BD4B /* [CP] Check Pods Manifest.lock */ = {
			isa = PBXShellScriptBuildPhase;
			buildActionMask = 2147483647;
			files = (
			);
			inputFileListPaths = (
			);
			inputPaths = (
				"${PODS_PODFILE_DIR_PATH}/Podfile.lock",
				"${PODS_ROOT}/Manifest.lock",
			);
			name = "[CP] Check Pods Manifest.lock";
			outputFileListPaths = (
			);
			outputPaths = (
				"$(DERIVED_FILE_DIR)/Pods-prueba-checkManifestLockResult.txt",
			);
			runOnlyForDeploymentPostprocessing = 0;
			shellPath = /bin/sh;
			shellScript = "diff \"${PODS_PODFILE_DIR_PATH}/Podfile.lock\" \"${PODS_ROOT}/Manifest.lock\" > /dev/null\nif [ $? != 0 ] ; then\n    # print error to STDERR\n    echo \"error: The sandbox is not in sync with the Podfile.lock. Run 'pod install' or update your CocoaPods installation.\" >&2\n    exit 1\nfi\n# This output is used by Xcode 'outputs' to avoid re-running this script phase.\necho \"SUCCESS\" > \"${SCRIPT_OUTPUT_FILE_0}\"\n";
			showEnvVarsInLog = 0;
		};
/* End PBXShellScriptBuildPhase section */

/* Begin PBXSourcesBuildPhase section */
		C06DA78C2641EC070021B8CE /* Sources */ = {
			isa = PBXSourcesBuildPhase;
			buildActionMask = 2147483647;
			files = (
				C06DA7982641EC070021B8CE /* ViewController.swift in Sources */,
				C06DA7942641EC070021B8CE /* AppDelegate.swift in Sources */,
				C05CD47B26447FE90097E600 /* WordSearcherManager.swift in Sources */,
				C04E858E2646E1BF007EDA86 /* ResultViewModel.swift in Sources */,
				C06DA7962641EC070021B8CE /* SceneDelegate.swift in Sources */,
				C04E85A126474460007EDA86 /* WordFoundHeaderTableViewCell.swift in Sources */,
				C04E859B26472E3E007EDA86 /* WordFoundDescriptionCellModel.swift in Sources */,
				C04E859526470A32007EDA86 /* WordFoundDescriptionTableViewCell.swift in Sources */,
				C05CD48A2644876E0097E600 /* UploadDocumentsViewModel.swift in Sources */,
				C04E85892646E1AB007EDA86 /* ResultViewController.swift in Sources */,
				C04E85A726474831007EDA86 /* WordFoundHeaderCellModel.swift in Sources */,
				C04E85B126483162007EDA86 /* SpinnerTableViewCell.swift in Sources */,
				C04E85AC2648070C007EDA86 /* WordFoundBaseCellModel.swift in Sources */,
				C05CD48026447FFB0097E600 /* LandingViewModel.swift in Sources */,
				C05CD485264480330097E600 /* WordFoundModel.swift in Sources */,
				C05CD47626447FD40097E600 /* LadingViewController.swift in Sources */,
				C05CD48F264487820097E600 /* UploadDocumentsViewController.swift in Sources */,
			);
			runOnlyForDeploymentPostprocessing = 0;
		};
		C06DA7A22641EC080021B8CE /* Sources */ = {
			isa = PBXSourcesBuildPhase;
			buildActionMask = 2147483647;
			files = (
				C06DA7AB2641EC080021B8CE /* pruebaTests.swift in Sources */,
			);
			runOnlyForDeploymentPostprocessing = 0;
		};
		C06DA7AD2641EC080021B8CE /* Sources */ = {
			isa = PBXSourcesBuildPhase;
			buildActionMask = 2147483647;
			files = (
				C06DA7B62641EC080021B8CE /* pruebaUITests.swift in Sources */,
			);
			runOnlyForDeploymentPostprocessing = 0;
		};
/* End PBXSourcesBuildPhase section */

/* Begin PBXTargetDependency section */
		C06DA7A82641EC080021B8CE /* PBXTargetDependency */ = {
			isa = PBXTargetDependency;
			target = C06DA78F2641EC070021B8CE /* prueba */;
			targetProxy = C06DA7A72641EC080021B8CE /* PBXContainerItemProxy */;
		};
		C06DA7B32641EC080021B8CE /* PBXTargetDependency */ = {
			isa = PBXTargetDependency;
			target = C06DA78F2641EC070021B8CE /* prueba */;
			targetProxy = C06DA7B22641EC080021B8CE /* PBXContainerItemProxy */;
		};
/* End PBXTargetDependency section */

/* Begin PBXVariantGroup section */
		C06DA7992641EC070021B8CE /* Main.storyboard */ = {
			isa = PBXVariantGroup;
			children = (
				C06DA79A2641EC070021B8CE /* Base */,
			);
			name = Main.storyboard;
			sourceTree = "<group>";
		};
		C06DA79E2641EC080021B8CE /* LaunchScreen.storyboard */ = {
			isa = PBXVariantGroup;
			children = (
				C06DA79F2641EC080021B8CE /* Base */,
			);
			name = LaunchScreen.storyboard;
			sourceTree = "<group>";
		};
/* End PBXVariantGroup section */

/* Begin XCBuildConfiguration section */
		C06DA7B82641EC080021B8CE /* Debug */ = {
			isa = XCBuildConfiguration;
			buildSettings = {
				ALWAYS_SEARCH_USER_PATHS = NO;
				CLANG_ANALYZER_NONNULL = YES;
				CLANG_ANALYZER_NUMBER_OBJECT_CONVERSION = YES_AGGRESSIVE;
				CLANG_CXX_LANGUAGE_STANDARD = "gnu++14";
				CLANG_CXX_LIBRARY = "libc++";
				CLANG_ENABLE_MODULES = YES;
				CLANG_ENABLE_OBJC_ARC = YES;
				CLANG_ENABLE_OBJC_WEAK = YES;
				CLANG_WARN_BLOCK_CAPTURE_AUTORELEASING = YES;
				CLANG_WARN_BOOL_CONVERSION = YES;
				CLANG_WARN_COMMA = YES;
				CLANG_WARN_CONSTANT_CONVERSION = YES;
				CLANG_WARN_DEPRECATED_OBJC_IMPLEMENTATIONS = YES;
				CLANG_WARN_DIRECT_OBJC_ISA_USAGE = YES_ERROR;
				CLANG_WARN_DOCUMENTATION_COMMENTS = YES;
				CLANG_WARN_EMPTY_BODY = YES;
				CLANG_WARN_ENUM_CONVERSION = YES;
				CLANG_WARN_INFINITE_RECURSION = YES;
				CLANG_WARN_INT_CONVERSION = YES;
				CLANG_WARN_NON_LITERAL_NULL_CONVERSION = YES;
				CLANG_WARN_OBJC_IMPLICIT_RETAIN_SELF = YES;
				CLANG_WARN_OBJC_LITERAL_CONVERSION = YES;
				CLANG_WARN_OBJC_ROOT_CLASS = YES_ERROR;
				CLANG_WARN_QUOTED_INCLUDE_IN_FRAMEWORK_HEADER = YES;
				CLANG_WARN_RANGE_LOOP_ANALYSIS = YES;
				CLANG_WARN_STRICT_PROTOTYPES = YES;
				CLANG_WARN_SUSPICIOUS_MOVE = YES;
				CLANG_WARN_UNGUARDED_AVAILABILITY = YES_AGGRESSIVE;
				CLANG_WARN_UNREACHABLE_CODE = YES;
				CLANG_WARN__DUPLICATE_METHOD_MATCH = YES;
				COPY_PHASE_STRIP = NO;
				DEBUG_INFORMATION_FORMAT = dwarf;
				ENABLE_STRICT_OBJC_MSGSEND = YES;
				ENABLE_TESTABILITY = YES;
				GCC_C_LANGUAGE_STANDARD = gnu11;
				GCC_DYNAMIC_NO_PIC = NO;
				GCC_NO_COMMON_BLOCKS = YES;
				GCC_OPTIMIZATION_LEVEL = 0;
				GCC_PREPROCESSOR_DEFINITIONS = (
					"DEBUG=1",
					"$(inherited)",
				);
				GCC_WARN_64_TO_32_BIT_CONVERSION = YES;
				GCC_WARN_ABOUT_RETURN_TYPE = YES_ERROR;
				GCC_WARN_UNDECLARED_SELECTOR = YES;
				GCC_WARN_UNINITIALIZED_AUTOS = YES_AGGRESSIVE;
				GCC_WARN_UNUSED_FUNCTION = YES;
				GCC_WARN_UNUSED_VARIABLE = YES;
				IPHONEOS_DEPLOYMENT_TARGET = 14.1;
				MTL_ENABLE_DEBUG_INFO = INCLUDE_SOURCE;
				MTL_FAST_MATH = YES;
				ONLY_ACTIVE_ARCH = YES;
				SDKROOT = iphoneos;
				SWIFT_ACTIVE_COMPILATION_CONDITIONS = DEBUG;
				SWIFT_OPTIMIZATION_LEVEL = "-Onone";
			};
			name = Debug;
		};
		C06DA7B92641EC080021B8CE /* Release */ = {
			isa = XCBuildConfiguration;
			buildSettings = {
				ALWAYS_SEARCH_USER_PATHS = NO;
				CLANG_ANALYZER_NONNULL = YES;
				CLANG_ANALYZER_NUMBER_OBJECT_CONVERSION = YES_AGGRESSIVE;
				CLANG_CXX_LANGUAGE_STANDARD = "gnu++14";
				CLANG_CXX_LIBRARY = "libc++";
				CLANG_ENABLE_MODULES = YES;
				CLANG_ENABLE_OBJC_ARC = YES;
				CLANG_ENABLE_OBJC_WEAK = YES;
				CLANG_WARN_BLOCK_CAPTURE_AUTORELEASING = YES;
				CLANG_WARN_BOOL_CONVERSION = YES;
				CLANG_WARN_COMMA = YES;
				CLANG_WARN_CONSTANT_CONVERSION = YES;
				CLANG_WARN_DEPRECATED_OBJC_IMPLEMENTATIONS = YES;
				CLANG_WARN_DIRECT_OBJC_ISA_USAGE = YES_ERROR;
				CLANG_WARN_DOCUMENTATION_COMMENTS = YES;
				CLANG_WARN_EMPTY_BODY = YES;
				CLANG_WARN_ENUM_CONVERSION = YES;
				CLANG_WARN_INFINITE_RECURSION = YES;
				CLANG_WARN_INT_CONVERSION = YES;
				CLANG_WARN_NON_LITERAL_NULL_CONVERSION = YES;
				CLANG_WARN_OBJC_IMPLICIT_RETAIN_SELF = YES;
				CLANG_WARN_OBJC_LITERAL_CONVERSION = YES;
				CLANG_WARN_OBJC_ROOT_CLASS = YES_ERROR;
				CLANG_WARN_QUOTED_INCLUDE_IN_FRAMEWORK_HEADER = YES;
				CLANG_WARN_RANGE_LOOP_ANALYSIS = YES;
				CLANG_WARN_STRICT_PROTOTYPES = YES;
				CLANG_WARN_SUSPICIOUS_MOVE = YES;
				CLANG_WARN_UNGUARDED_AVAILABILITY = YES_AGGRESSIVE;
				CLANG_WARN_UNREACHABLE_CODE = YES;
				CLANG_WARN__DUPLICATE_METHOD_MATCH = YES;
				COPY_PHASE_STRIP = NO;
				DEBUG_INFORMATION_FORMAT = "dwarf-with-dsym";
				ENABLE_NS_ASSERTIONS = NO;
				ENABLE_STRICT_OBJC_MSGSEND = YES;
				GCC_C_LANGUAGE_STANDARD = gnu11;
				GCC_NO_COMMON_BLOCKS = YES;
				GCC_WARN_64_TO_32_BIT_CONVERSION = YES;
				GCC_WARN_ABOUT_RETURN_TYPE = YES_ERROR;
				GCC_WARN_UNDECLARED_SELECTOR = YES;
				GCC_WARN_UNINITIALIZED_AUTOS = YES_AGGRESSIVE;
				GCC_WARN_UNUSED_FUNCTION = YES;
				GCC_WARN_UNUSED_VARIABLE = YES;
				IPHONEOS_DEPLOYMENT_TARGET = 14.1;
				MTL_ENABLE_DEBUG_INFO = NO;
				MTL_FAST_MATH = YES;
				SDKROOT = iphoneos;
				SWIFT_COMPILATION_MODE = wholemodule;
				SWIFT_OPTIMIZATION_LEVEL = "-O";
				VALIDATE_PRODUCT = YES;
			};
			name = Release;
		};
		C06DA7BB2641EC080021B8CE /* Debug */ = {
			isa = XCBuildConfiguration;
			baseConfigurationReference = 2D544757515683F1902AA60B /* Pods-prueba.debug.xcconfig */;
			buildSettings = {
				ASSETCATALOG_COMPILER_APPICON_NAME = AppIcon;
				ASSETCATALOG_COMPILER_GLOBAL_ACCENT_COLOR_NAME = AccentColor;
				CODE_SIGN_STYLE = Automatic;
				INFOPLIST_FILE = prueba/Info.plist;
				LD_RUNPATH_SEARCH_PATHS = (
					"$(inherited)",
					"@executable_path/Frameworks",
				);
				PRODUCT_BUNDLE_IDENTIFIER = XaviRoigAznar97.prueba;
				PRODUCT_NAME = "$(TARGET_NAME)";
				SWIFT_VERSION = 5.0;
				TARGETED_DEVICE_FAMILY = "1,2";
			};
			name = Debug;
		};
		C06DA7BC2641EC080021B8CE /* Release */ = {
			isa = XCBuildConfiguration;
			baseConfigurationReference = 3FB9D4F6F30D8AD3FE9FAA77 /* Pods-prueba.release.xcconfig */;
			buildSettings = {
				ASSETCATALOG_COMPILER_APPICON_NAME = AppIcon;
				ASSETCATALOG_COMPILER_GLOBAL_ACCENT_COLOR_NAME = AccentColor;
				CODE_SIGN_STYLE = Automatic;
				INFOPLIST_FILE = prueba/Info.plist;
				LD_RUNPATH_SEARCH_PATHS = (
					"$(inherited)",
					"@executable_path/Frameworks",
				);
				PRODUCT_BUNDLE_IDENTIFIER = XaviRoigAznar97.prueba;
				PRODUCT_NAME = "$(TARGET_NAME)";
				SWIFT_VERSION = 5.0;
				TARGETED_DEVICE_FAMILY = "1,2";
			};
			name = Release;
		};
		C06DA7BE2641EC080021B8CE /* Debug */ = {
			isa = XCBuildConfiguration;
			baseConfigurationReference = 9C98B806AA4D3618BEBFC50A /* Pods-pruebaTests.debug.xcconfig */;
			buildSettings = {
				ALWAYS_EMBED_SWIFT_STANDARD_LIBRARIES = YES;
				BUNDLE_LOADER = "$(TEST_HOST)";
				CODE_SIGN_STYLE = Automatic;
				INFOPLIST_FILE = pruebaTests/Info.plist;
				IPHONEOS_DEPLOYMENT_TARGET = 14.1;
				LD_RUNPATH_SEARCH_PATHS = (
					"$(inherited)",
					"@executable_path/Frameworks",
					"@loader_path/Frameworks",
				);
				PRODUCT_BUNDLE_IDENTIFIER = XaviRoigAznar97.pruebaTests;
				PRODUCT_NAME = "$(TARGET_NAME)";
				SWIFT_VERSION = 5.0;
				TARGETED_DEVICE_FAMILY = "1,2";
				TEST_HOST = "$(BUILT_PRODUCTS_DIR)/prueba.app/prueba";
			};
			name = Debug;
		};
		C06DA7BF2641EC080021B8CE /* Release */ = {
			isa = XCBuildConfiguration;
			baseConfigurationReference = 84878C208D989D9D84A92065 /* Pods-pruebaTests.release.xcconfig */;
			buildSettings = {
				ALWAYS_EMBED_SWIFT_STANDARD_LIBRARIES = YES;
				BUNDLE_LOADER = "$(TEST_HOST)";
				CODE_SIGN_STYLE = Automatic;
				INFOPLIST_FILE = pruebaTests/Info.plist;
				IPHONEOS_DEPLOYMENT_TARGET = 14.1;
				LD_RUNPATH_SEARCH_PATHS = (
					"$(inherited)",
					"@executable_path/Frameworks",
					"@loader_path/Frameworks",
				);
				PRODUCT_BUNDLE_IDENTIFIER = XaviRoigAznar97.pruebaTests;
				PRODUCT_NAME = "$(TARGET_NAME)";
				SWIFT_VERSION = 5.0;
				TARGETED_DEVICE_FAMILY = "1,2";
				TEST_HOST = "$(BUILT_PRODUCTS_DIR)/prueba.app/prueba";
			};
			name = Release;
		};
		C06DA7C12641EC080021B8CE /* Debug */ = {
			isa = XCBuildConfiguration;
			baseConfigurationReference = 18BACD66CDD068419C8B3994 /* Pods-prueba-pruebaUITests.debug.xcconfig */;
			buildSettings = {
				ALWAYS_EMBED_SWIFT_STANDARD_LIBRARIES = YES;
				CODE_SIGN_STYLE = Automatic;
				INFOPLIST_FILE = pruebaUITests/Info.plist;
				LD_RUNPATH_SEARCH_PATHS = (
					"$(inherited)",
					"@executable_path/Frameworks",
					"@loader_path/Frameworks",
				);
				PRODUCT_BUNDLE_IDENTIFIER = XaviRoigAznar97.pruebaUITests;
				PRODUCT_NAME = "$(TARGET_NAME)";
				SWIFT_VERSION = 5.0;
				TARGETED_DEVICE_FAMILY = "1,2";
				TEST_TARGET_NAME = prueba;
			};
			name = Debug;
		};
		C06DA7C22641EC080021B8CE /* Release */ = {
			isa = XCBuildConfiguration;
			baseConfigurationReference = A1FB3982FF5E9257C532A4C7 /* Pods-prueba-pruebaUITests.release.xcconfig */;
			buildSettings = {
				ALWAYS_EMBED_SWIFT_STANDARD_LIBRARIES = YES;
				CODE_SIGN_STYLE = Automatic;
				INFOPLIST_FILE = pruebaUITests/Info.plist;
				LD_RUNPATH_SEARCH_PATHS = (
					"$(inherited)",
					"@executable_path/Frameworks",
					"@loader_path/Frameworks",
				);
				PRODUCT_BUNDLE_IDENTIFIER = XaviRoigAznar97.pruebaUITests;
				PRODUCT_NAME = "$(TARGET_NAME)";
				SWIFT_VERSION = 5.0;
				TARGETED_DEVICE_FAMILY = "1,2";
				TEST_TARGET_NAME = prueba;
			};
			name = Release;
		};
/* End XCBuildConfiguration section */

/* Begin XCConfigurationList section */
		C06DA78B2641EC070021B8CE /* Build configuration list for PBXProject "prueba" */ = {
			isa = XCConfigurationList;
			buildConfigurations = (
				C06DA7B82641EC080021B8CE /* Debug */,
				C06DA7B92641EC080021B8CE /* Release */,
			);
			defaultConfigurationIsVisible = 0;
			defaultConfigurationName = Release;
		};
		C06DA7BA2641EC080021B8CE /* Build configuration list for PBXNativeTarget "prueba" */ = {
			isa = XCConfigurationList;
			buildConfigurations = (
				C06DA7BB2641EC080021B8CE /* Debug */,
				C06DA7BC2641EC080021B8CE /* Release */,
			);
			defaultConfigurationIsVisible = 0;
			defaultConfigurationName = Release;
		};
		C06DA7BD2641EC080021B8CE /* Build configuration list for PBXNativeTarget "pruebaTests" */ = {
			isa = XCConfigurationList;
			buildConfigurations = (
				C06DA7BE2641EC080021B8CE /* Debug */,
				C06DA7BF2641EC080021B8CE /* Release */,
			);
			defaultConfigurationIsVisible = 0;
			defaultConfigurationName = Release;
		};
		C06DA7C02641EC080021B8CE /* Build configuration list for PBXNativeTarget "pruebaUITests" */ = {
			isa = XCConfigurationList;
			buildConfigurations = (
				C06DA7C12641EC080021B8CE /* Debug */,
				C06DA7C22641EC080021B8CE /* Release */,
			);
			defaultConfigurationIsVisible = 0;
			defaultConfigurationName = Release;
		};
/* End XCConfigurationList section */
	};
	rootObject = C06DA7882641EC070021B8CE /* Project object */;
}
